
Microsoft Visual Studio Solution File, Format Version 12.00
# Visual Studio Version 17
VisualStudioVersion = 17.4.33213.308
MinimumVisualStudioVersion = 10.0.40219.1
Project("{8BC9CEB8-8B4A-11D0-8D11-00A0C91BC942}") = "varianta2", "varianta2\varianta2.vcxproj", "{A7A220D9-05BA-489C-B999-F4DD68FD5EE6}"
EndProject
Global
	GlobalSection(SolutionConfigurationPlatforms) = preSolution
		Debug|x64 = Debug|x64
		Debug|x86 = Debug|x86
		Release|x64 = Release|x64
		Release|x86 = Release|x86
	EndGlobalSection
	GlobalSection(ProjectConfigurationPlatforms) = postSolution
		{A7A220D9-05BA-489C-B999-F4DD68FD5EE6}.Debug|x64.ActiveCfg = Debug|x64
		{A7A220D9-05BA-489C-B999-F4DD68FD5EE6}.Debug|x64.Build.0 = Debug|x64
		{A7A220D9-05BA-489C-B999-F4DD68FD5EE6}.Debug|x86.ActiveCfg = Debug|Win32
		{A7A220D9-05BA-489C-B999-F4DD68FD5EE6}.Debug|x86.Build.0 = Debug|Win32
		{A7A220D9-05BA-489C-B999-F4DD68FD5EE6}.Release|x64.ActiveCfg = Release|x64
		{A7A220D9-05BA-489C-B999-F4DD68FD5EE6}.Release|x64.Build.0 = Release|x64
		{A7A220D9-05BA-489C-B999-F4DD68FD5EE6}.Release|x86.ActiveCfg = Release|Win32
		{A7A220D9-05BA-489C-B999-F4DD68FD5EE6}.Release|x86.Build.0 = Release|Win32
	EndGlobalSection
	GlobalSection(SolutionProperties) = preSolution
		HideSolutionNode = FALSE
	EndGlobalSection
	GlobalSection(ExtensibilityGlobals) = postSolution
		SolutionGuid = {499AC058-E5DC-494E-8538-18C14E53D03F}
	EndGlobalSection
EndGlobal
