
Microsoft Visual Studio Solution File, Format Version 12.00
# Visual Studio Version 17
VisualStudioVersion = 17.5.33530.505
MinimumVisualStudioVersion = 10.0.40219.1
Project("{8BC9CEB8-8B4A-11D0-8D11-00A0C91BC942}") = "teza19", "teza19\teza19.vcxproj", "{D9177133-9C2E-4A73-812E-2DFB54AF1459}"
EndProject
Global
	GlobalSection(SolutionConfigurationPlatforms) = preSolution
		Debug|x64 = Debug|x64
		Debug|x86 = Debug|x86
		Release|x64 = Release|x64
		Release|x86 = Release|x86
	EndGlobalSection
	GlobalSection(ProjectConfigurationPlatforms) = postSolution
		{D9177133-9C2E-4A73-812E-2DFB54AF1459}.Debug|x64.ActiveCfg = Debug|x64
		{D9177133-9C2E-4A73-812E-2DFB54AF1459}.Debug|x64.Build.0 = Debug|x64
		{D9177133-9C2E-4A73-812E-2DFB54AF1459}.Debug|x86.ActiveCfg = Debug|Win32
		{D9177133-9C2E-4A73-812E-2DFB54AF1459}.Debug|x86.Build.0 = Debug|Win32
		{D9177133-9C2E-4A73-812E-2DFB54AF1459}.Release|x64.ActiveCfg = Release|x64
		{D9177133-9C2E-4A73-812E-2DFB54AF1459}.Release|x64.Build.0 = Release|x64
		{D9177133-9C2E-4A73-812E-2DFB54AF1459}.Release|x86.ActiveCfg = Release|Win32
		{D9177133-9C2E-4A73-812E-2DFB54AF1459}.Release|x86.Build.0 = Release|Win32
	EndGlobalSection
	GlobalSection(SolutionProperties) = preSolution
		HideSolutionNode = FALSE
	EndGlobalSection
	GlobalSection(ExtensibilityGlobals) = postSolution
		SolutionGuid = {4E6CFEF9-C663-4AF3-8741-0C72DDBDFC82}
	EndGlobalSection
EndGlobal
