
Microsoft Visual Studio Solution File, Format Version 12.00
# Visual Studio Version 17
VisualStudioVersion = 17.5.33414.496
MinimumVisualStudioVersion = 10.0.40219.1
Project("{8BC9CEB8-8B4A-11D0-8D11-00A0C91BC942}") = "varianta68", "varianta68\varianta68.vcxproj", "{F1895ECC-92B6-4AF6-932B-8F31194BDD90}"
EndProject
Global
	GlobalSection(SolutionConfigurationPlatforms) = preSolution
		Debug|x64 = Debug|x64
		Debug|x86 = Debug|x86
		Release|x64 = Release|x64
		Release|x86 = Release|x86
	EndGlobalSection
	GlobalSection(ProjectConfigurationPlatforms) = postSolution
		{F1895ECC-92B6-4AF6-932B-8F31194BDD90}.Debug|x64.ActiveCfg = Debug|x64
		{F1895ECC-92B6-4AF6-932B-8F31194BDD90}.Debug|x64.Build.0 = Debug|x64
		{F1895ECC-92B6-4AF6-932B-8F31194BDD90}.Debug|x86.ActiveCfg = Debug|Win32
		{F1895ECC-92B6-4AF6-932B-8F31194BDD90}.Debug|x86.Build.0 = Debug|Win32
		{F1895ECC-92B6-4AF6-932B-8F31194BDD90}.Release|x64.ActiveCfg = Release|x64
		{F1895ECC-92B6-4AF6-932B-8F31194BDD90}.Release|x64.Build.0 = Release|x64
		{F1895ECC-92B6-4AF6-932B-8F31194BDD90}.Release|x86.ActiveCfg = Release|Win32
		{F1895ECC-92B6-4AF6-932B-8F31194BDD90}.Release|x86.Build.0 = Release|Win32
	EndGlobalSection
	GlobalSection(SolutionProperties) = preSolution
		HideSolutionNode = FALSE
	EndGlobalSection
	GlobalSection(ExtensibilityGlobals) = postSolution
		SolutionGuid = {33187FD6-8CFB-442C-A42D-27C36238A8BC}
	EndGlobalSection
EndGlobal
