
Microsoft Visual Studio Solution File, Format Version 12.00
# Visual Studio Version 17
VisualStudioVersion = 17.4.33213.308
MinimumVisualStudioVersion = 10.0.40219.1
Project("{8BC9CEB8-8B4A-11D0-8D11-00A0C91BC942}") = "varianta38", "varianta38\varianta38.vcxproj", "{77F628DD-EF77-4E2F-86BB-1B8C767384EB}"
EndProject
Global
	GlobalSection(SolutionConfigurationPlatforms) = preSolution
		Debug|x64 = Debug|x64
		Debug|x86 = Debug|x86
		Release|x64 = Release|x64
		Release|x86 = Release|x86
	EndGlobalSection
	GlobalSection(ProjectConfigurationPlatforms) = postSolution
		{77F628DD-EF77-4E2F-86BB-1B8C767384EB}.Debug|x64.ActiveCfg = Debug|x64
		{77F628DD-EF77-4E2F-86BB-1B8C767384EB}.Debug|x64.Build.0 = Debug|x64
		{77F628DD-EF77-4E2F-86BB-1B8C767384EB}.Debug|x86.ActiveCfg = Debug|Win32
		{77F628DD-EF77-4E2F-86BB-1B8C767384EB}.Debug|x86.Build.0 = Debug|Win32
		{77F628DD-EF77-4E2F-86BB-1B8C767384EB}.Release|x64.ActiveCfg = Release|x64
		{77F628DD-EF77-4E2F-86BB-1B8C767384EB}.Release|x64.Build.0 = Release|x64
		{77F628DD-EF77-4E2F-86BB-1B8C767384EB}.Release|x86.ActiveCfg = Release|Win32
		{77F628DD-EF77-4E2F-86BB-1B8C767384EB}.Release|x86.Build.0 = Release|Win32
	EndGlobalSection
	GlobalSection(SolutionProperties) = preSolution
		HideSolutionNode = FALSE
	EndGlobalSection
	GlobalSection(ExtensibilityGlobals) = postSolution
		SolutionGuid = {3F09D4D8-F71B-4BDE-96CD-C9FF78DD4083}
	EndGlobalSection
EndGlobal
